<?xml version="1.0" encoding="utf-8"?>
<Project ToolsVersion="4.0" xmlns="http://schemas.microsoft.com/developer/msbuild/2003">
  <ItemGroup>
    <ClInclude Include="mystack.h">
      <Filter>헤더 파일</Filter>
    </ClInclude>
    <ClInclude Include="myqueue.h">
      <Filter>헤더 파일</Filter>
    </ClInclude>
    <ClInclude Include="myST.h">
      <Filter>헤더 파일</Filter>
    </ClInclude>
    <ClInclude Include="mybinarysearchtree.h">
      <Filter>헤더 파일</Filter>
    </ClInclude>
    <ClInclude Include="myavltree.h">
      <Filter>헤더 파일</Filter>
    </ClInclude>
    <ClInclude Include="myhashtable.h">
      <Filter>헤더 파일</Filter>
    </ClInclude>
    <ClInclude Include="..\StudentManager\mytemplatelinkedlist.h">
      <Filter>헤더 파일</Filter>
    </ClInclude>
    <ClInclude Include="mytwothreetree.h">
      <Filter>헤더 파일</Filter>
    </ClInclude>
    <ClInclude Include="myredblacktree.h">
      <Filter>헤더 파일</Filter>
    </ClInclude>
  </ItemGroup>
  <ItemGroup>
    <Filter Include="소스 파일">
      <UniqueIdentifier>{017aae1e-fd0a-42c7-9c34-b038529f2f9c}</UniqueIdentifier>
      <Extensions>cpp;</Extensions>
    </Filter>
    <Filter Include="헤더 파일">
      <UniqueIdentifier>{77896914-eeb6-46ab-a8fa-206484a1dd18}</UniqueIdentifier>
      <Extensions>h;</Extensions>
    </Filter>
  </ItemGroup>
  <ItemGroup>
    <ClCompile Include="myqueue.cpp">
      <Filter>소스 파일</Filter>
    </ClCompile>
    <ClCompile Include="mystack.cpp">
      <Filter>소스 파일</Filter>
    </ClCompile>
    <ClCompile Include="mybinarysearchtree.cpp">
      <Filter>소스 파일</Filter>
    </ClCompile>
    <ClCompile Include="entrypoint.cpp">
      <Filter>소스 파일</Filter>
    </ClCompile>
    <ClCompile Include="myavltree.cpp">
      <Filter>소스 파일</Filter>
    </ClCompile>
    <ClCompile Include="mytwothreetree.cpp">
      <Filter>소스 파일</Filter>
    </ClCompile>
    <ClCompile Include="myredblacktree.cpp">
      <Filter>소스 파일</Filter>
    </ClCompile>
    <ClCompile Include="myhashtable.cpp">
      <Filter>소스 파일</Filter>
    </ClCompile>
  </ItemGroup>
</Project>