<?xml version="1.0" encoding="utf-8"?>
<Project ToolsVersion="4.0" xmlns="http://schemas.microsoft.com/developer/msbuild/2003">
  <ItemGroup>
    <Filter Include="소스 파일">
      <UniqueIdentifier>{4FC737F1-C7A5-4376-A066-2A32D752A2FF}</UniqueIdentifier>
      <Extensions>cpp;c;cc;cxx;c++;cppm;ixx;def;odl;idl;hpj;bat;asm;asmx</Extensions>
    </Filter>
    <Filter Include="헤더 파일">
      <UniqueIdentifier>{93995380-89BD-4b04-88EB-625FBE52EBFB}</UniqueIdentifier>
      <Extensions>h;hh;hpp;hxx;h++;hm;inl;inc;ipp;xsd</Extensions>
    </Filter>
    <Filter Include="리소스 파일">
      <UniqueIdentifier>{67DA6AB6-F800-4c08-8B7A-83BB121AAD01}</UniqueIdentifier>
      <Extensions>rc;ico;cur;bmp;dlg;rc2;rct;bin;rgs;gif;jpg;jpeg;jpe;resx;tiff;tif;png;wav;mfcribbon-ms</Extensions>
    </Filter>
  </ItemGroup>
  <ItemGroup>
    <ClCompile Include="entrypoint.cpp">
      <Filter>소스 파일</Filter>
    </ClCompile>
    <ClCompile Include="mybaseobject.cpp">
      <Filter>소스 파일</Filter>
    </ClCompile>
    <ClCompile Include="mydxutil.cpp">
      <Filter>소스 파일</Filter>
    </ClCompile>
    <ClCompile Include="mydxwnd.cpp">
      <Filter>소스 파일</Filter>
    </ClCompile>
    <ClCompile Include="mytexture.cpp">
      <Filter>소스 파일</Filter>
    </ClCompile>
  </ItemGroup>
  <ItemGroup>
    <ClInclude Include="mybaseobject.h">
      <Filter>헤더 파일</Filter>
    </ClInclude>
    <ClInclude Include="mydxutil.h">
      <Filter>헤더 파일</Filter>
    </ClInclude>
    <ClInclude Include="mydxwnd.h">
      <Filter>헤더 파일</Filter>
    </ClInclude>
    <ClInclude Include="mytemplatewindow.h">
      <Filter>헤더 파일</Filter>
    </ClInclude>
    <ClInclude Include="mywindow.h">
      <Filter>헤더 파일</Filter>
    </ClInclude>
    <ClInclude Include="myshadermanager.h">
      <Filter>헤더 파일</Filter>
    </ClInclude>
    <ClInclude Include="mytexture.h">
      <Filter>헤더 파일</Filter>
    </ClInclude>
  </ItemGroup>
  <ItemGroup>
    <Text Include="PixelShader.txt" />
    <Text Include="VertexShader.txt" />
  </ItemGroup>
</Project>