<?xml version="1.0" encoding="utf-8"?>
<Project ToolsVersion="4.0" xmlns="http://schemas.microsoft.com/developer/msbuild/2003">
  <ItemGroup>
    <Filter Include="Shader">
      <UniqueIdentifier>{54e9e0e6-afdb-4899-892a-3265b395f198}</UniqueIdentifier>
    </Filter>
    <Filter Include="소스 파일">
      <UniqueIdentifier>{f63a07e9-f344-4041-885e-eac01e291ddb}</UniqueIdentifier>
      <Extensions>cpp;</Extensions>
    </Filter>
    <Filter Include="헤더 파일">
      <UniqueIdentifier>{e2a97b6d-d498-44cf-848b-d5c918d44789}</UniqueIdentifier>
      <Extensions>h;</Extensions>
    </Filter>
  </ItemGroup>
  <ItemGroup>
    <ClCompile Include="mybaseobject.cpp">
      <Filter>소스 파일</Filter>
    </ClCompile>
    <ClCompile Include="tester.cpp">
      <Filter>소스 파일</Filter>
    </ClCompile>
  </ItemGroup>
  <ItemGroup>
    <ClInclude Include="mybaseobject.h">
      <Filter>헤더 파일</Filter>
    </ClInclude>
    <ClInclude Include="tester.h">
      <Filter>헤더 파일</Filter>
    </ClInclude>
  </ItemGroup>
  <ItemGroup>
    <Text Include="cbrectshader.txt">
      <Filter>Shader</Filter>
    </Text>
  </ItemGroup>
</Project>