<?xml version="1.0" encoding="utf-8"?>
<Project ToolsVersion="4.0" xmlns="http://schemas.microsoft.com/developer/msbuild/2003">
  <ItemGroup>
    <Filter Include="소스 파일">
      <UniqueIdentifier>{4FC737F1-C7A5-4376-A066-2A32D752A2FF}</UniqueIdentifier>
      <Extensions>cpp;c;cc;cxx;c++;cppm;ixx;def;odl;idl;hpj;bat;asm;asmx</Extensions>
    </Filter>
    <Filter Include="헤더 파일">
      <UniqueIdentifier>{93995380-89BD-4b04-88EB-625FBE52EBFB}</UniqueIdentifier>
      <Extensions>h;hh;hpp;hxx;h++;hm;inl;inc;ipp;xsd</Extensions>
    </Filter>
    <Filter Include="리소스 파일">
      <UniqueIdentifier>{67DA6AB6-F800-4c08-8B7A-83BB121AAD01}</UniqueIdentifier>
      <Extensions>rc;ico;cur;bmp;dlg;rc2;rct;bin;rgs;gif;jpg;jpeg;jpe;resx;tiff;tif;png;wav;mfcribbon-ms</Extensions>
    </Filter>
    <Filter Include="Shader">
      <UniqueIdentifier>{9d44aaf3-f490-49b6-aa57-54ad48ac1d2d}</UniqueIdentifier>
    </Filter>
  </ItemGroup>
  <ItemGroup>
    <ClCompile Include="entrypoint.cpp">
      <Filter>소스 파일</Filter>
    </ClCompile>
    <ClCompile Include="mybaseobject.cpp">
      <Filter>소스 파일</Filter>
    </ClCompile>
    <ClCompile Include="mydxdevice.cpp">
      <Filter>소스 파일</Filter>
    </ClCompile>
    <ClCompile Include="mygamecore.cpp">
      <Filter>소스 파일</Filter>
    </ClCompile>
    <ClCompile Include="myinput.cpp">
      <Filter>소스 파일</Filter>
    </ClCompile>
    <ClCompile Include="myrendermanager.cpp">
      <Filter>소스 파일</Filter>
    </ClCompile>
    <ClCompile Include="mytimer.cpp">
      <Filter>소스 파일</Filter>
    </ClCompile>
    <ClCompile Include="myvector.cpp">
      <Filter>소스 파일</Filter>
    </ClCompile>
    <ClCompile Include="mywindow.cpp">
      <Filter>소스 파일</Filter>
    </ClCompile>
    <ClCompile Include="mywriter.cpp">
      <Filter>소스 파일</Filter>
    </ClCompile>
    <ClCompile Include="myshadermanager.cpp">
      <Filter>소스 파일</Filter>
    </ClCompile>
    <ClCompile Include="mytexturemanager.cpp">
      <Filter>소스 파일</Filter>
    </ClCompile>
  </ItemGroup>
  <ItemGroup>
    <ClInclude Include="mybaseobject.h">
      <Filter>헤더 파일</Filter>
    </ClInclude>
    <ClInclude Include="mydxdevice.h">
      <Filter>헤더 파일</Filter>
    </ClInclude>
    <ClInclude Include="mygamecore.h">
      <Filter>헤더 파일</Filter>
    </ClInclude>
    <ClInclude Include="myinput.h">
      <Filter>헤더 파일</Filter>
    </ClInclude>
    <ClInclude Include="myrendermanager.h">
      <Filter>헤더 파일</Filter>
    </ClInclude>
    <ClInclude Include="mytimer.h">
      <Filter>헤더 파일</Filter>
    </ClInclude>
    <ClInclude Include="myunih.h">
      <Filter>헤더 파일</Filter>
    </ClInclude>
    <ClInclude Include="myvector.h">
      <Filter>헤더 파일</Filter>
    </ClInclude>
    <ClInclude Include="mywindow.h">
      <Filter>헤더 파일</Filter>
    </ClInclude>
    <ClInclude Include="mywriter.h">
      <Filter>헤더 파일</Filter>
    </ClInclude>
    <ClInclude Include="myshadermanager.h">
      <Filter>헤더 파일</Filter>
    </ClInclude>
    <ClInclude Include="mytexturemanager.h">
      <Filter>헤더 파일</Filter>
    </ClInclude>
  </ItemGroup>
  <ItemGroup>
    <Text Include="..\..\hlsl\mydefaultshader.txt">
      <Filter>Shader</Filter>
    </Text>
  </ItemGroup>
</Project>