<?xml version="1.0" encoding="utf-8"?>
<Project ToolsVersion="4.0" xmlns="http://schemas.microsoft.com/developer/msbuild/2003">
  <ItemGroup>
    <ClCompile Include="mybaseobject.cpp">
      <Filter>소스 파일</Filter>
    </ClCompile>
    <ClCompile Include="mymapobject.cpp">
      <Filter>소스 파일</Filter>
    </ClCompile>
    <ClCompile Include="myplayer.cpp">
      <Filter>소스 파일</Filter>
    </ClCompile>
    <ClCompile Include="tester.cpp">
      <Filter>소스 파일</Filter>
    </ClCompile>
    <ClCompile Include="mydynamicobject.cpp">
      <Filter>소스 파일</Filter>
    </ClCompile>
    <ClCompile Include="mycollision.cpp">
      <Filter>소스 파일</Filter>
    </ClCompile>
    <ClCompile Include="myshape.cpp">
      <Filter>소스 파일</Filter>
    </ClCompile>
  </ItemGroup>
  <ItemGroup>
    <ClInclude Include="mybaseobject.h">
      <Filter>헤더 파일</Filter>
    </ClInclude>
    <ClInclude Include="mymapobject.h">
      <Filter>헤더 파일</Filter>
    </ClInclude>
    <ClInclude Include="myplayer.h">
      <Filter>헤더 파일</Filter>
    </ClInclude>
    <ClInclude Include="tester.h">
      <Filter>헤더 파일</Filter>
    </ClInclude>
    <ClInclude Include="mydynamicobject.h">
      <Filter>헤더 파일</Filter>
    </ClInclude>
    <ClInclude Include="mycollision.h">
      <Filter>헤더 파일</Filter>
    </ClInclude>
    <ClInclude Include="myshape.h">
      <Filter>헤더 파일</Filter>
    </ClInclude>
  </ItemGroup>
  <ItemGroup>
    <Text Include="..\..\data\shader\mydefaultshader.txt">
      <Filter>Shader</Filter>
    </Text>
    <Text Include="..\..\data\shader\mydefaultmaskshader.txt">
      <Filter>Shader</Filter>
    </Text>
    <Text Include="mydefaultcollisionshader.txt">
      <Filter>Shader</Filter>
    </Text>
  </ItemGroup>
  <ItemGroup>
    <Filter Include="Shader">
      <UniqueIdentifier>{79a79c93-c54e-4a9d-ae48-edb63fd8c6b7}</UniqueIdentifier>
    </Filter>
    <Filter Include="소스 파일">
      <UniqueIdentifier>{39c078d3-0958-4adf-add0-b88a34d0cf25}</UniqueIdentifier>
      <Extensions>cpp;</Extensions>
    </Filter>
    <Filter Include="헤더 파일">
      <UniqueIdentifier>{268a7803-e1a2-4a9d-bc47-0bceae5351f7}</UniqueIdentifier>
      <Extensions>h;</Extensions>
    </Filter>
  </ItemGroup>
</Project>