<?xml version="1.0" encoding="utf-8"?>
<Project ToolsVersion="4.0" xmlns="http://schemas.microsoft.com/developer/msbuild/2003">
  <ItemGroup>
    <ClCompile Include="mybaseobject.cpp">
      <Filter>소스 파일</Filter>
    </ClCompile>
    <ClCompile Include="tester.cpp">
      <Filter>소스 파일</Filter>
    </ClCompile>
  </ItemGroup>
  <ItemGroup>
    <ClInclude Include="mybaseobject.h">
      <Filter>헤더 파일</Filter>
    </ClInclude>
    <ClInclude Include="tester.h">
      <Filter>헤더 파일</Filter>
    </ClInclude>
  </ItemGroup>
  <ItemGroup>
    <Filter Include="소스 파일">
      <UniqueIdentifier>{d1c2b9dc-b0cf-4239-a1dc-1d673bbf3a40}</UniqueIdentifier>
      <Extensions>cpp;</Extensions>
    </Filter>
    <Filter Include="헤더 파일">
      <UniqueIdentifier>{cf58d7d0-e0c0-47d5-9880-7ac43a31b699}</UniqueIdentifier>
      <Extensions>h;</Extensions>
    </Filter>
    <Filter Include="Shader">
      <UniqueIdentifier>{abaa31b2-8235-4f3d-ae5a-138424ee93ca}</UniqueIdentifier>
      <Extensions>txt;hlsl;</Extensions>
    </Filter>
  </ItemGroup>
  <ItemGroup>
    <Text Include="rectshader.txt">
      <Filter>Shader</Filter>
    </Text>
  </ItemGroup>
</Project>